{
  "name": "@dwarvenpick/cli",
  "version": "0.29.1",
  "lockfileVersion": 3,
  "requires": true,
  "packages": {
    "": {
      "name": "@dwarvenpick/cli",
      "version": "0.29.1",
      "license": "Apache-2.0",
      "bin": {
        "dwarvenpick": "bin/dwarvenpick.js"
      },
      "engines": {
        "node": ">=22"
      }
    }
  }
}
